
Microsoft Visual Studio Solution File, Format Version 12.00
# Visual Studio Version 17
VisualStudioVersion = 17.2.32526.322
MinimumVisualStudioVersion = 10.0.40219.1
Project("{9A19103F-16F7-4668-BE54-9A1E7A4F7556}") = "Calculator.Web", "Calculator.Web\Calculator.Web.csproj", "{A0BCBD54-E2BA-4837-910D-76139934DB59}"
EndProject
Project("{FAE04EC0-301F-11D3-BF4B-00C04F79EFBC}") = "Calculator.Business", "Calculator.Business\Calculator.Business.csproj", "{7E8B8530-D080-4E37-810E-8642EC143F4B}"
EndProject
Project("{FAE04EC0-301F-11D3-BF4B-00C04F79EFBC}") = "Calculator.UI", "Calculator.UI\Calculator.UI.csproj", "{8D26A35E-A21D-443E-BB09-550ACEAE22C9}"
EndProject
Global
	GlobalSection(SolutionConfigurationPlatforms) = preSolution
		Debug|Any CPU = Debug|Any CPU
		Release|Any CPU = Release|Any CPU
	EndGlobalSection
	GlobalSection(ProjectConfigurationPlatforms) = postSolution
		{A0BCBD54-E2BA-4837-910D-76139934DB59}.Debug|Any CPU.ActiveCfg = Debug|Any CPU
		{A0BCBD54-E2BA-4837-910D-76139934DB59}.Debug|Any CPU.Build.0 = Debug|Any CPU
		{A0BCBD54-E2BA-4837-910D-76139934DB59}.Release|Any CPU.ActiveCfg = Release|Any CPU
		{A0BCBD54-E2BA-4837-910D-76139934DB59}.Release|Any CPU.Build.0 = Release|Any CPU
		{7E8B8530-D080-4E37-810E-8642EC143F4B}.Debug|Any CPU.ActiveCfg = Debug|Any CPU
		{7E8B8530-D080-4E37-810E-8642EC143F4B}.Debug|Any CPU.Build.0 = Debug|Any CPU
		{7E8B8530-D080-4E37-810E-8642EC143F4B}.Release|Any CPU.ActiveCfg = Release|Any CPU
		{7E8B8530-D080-4E37-810E-8642EC143F4B}.Release|Any CPU.Build.0 = Release|Any CPU
		{8D26A35E-A21D-443E-BB09-550ACEAE22C9}.Debug|Any CPU.ActiveCfg = Debug|Any CPU
		{8D26A35E-A21D-443E-BB09-550ACEAE22C9}.Debug|Any CPU.Build.0 = Debug|Any CPU
		{8D26A35E-A21D-443E-BB09-550ACEAE22C9}.Release|Any CPU.ActiveCfg = Release|Any CPU
		{8D26A35E-A21D-443E-BB09-550ACEAE22C9}.Release|Any CPU.Build.0 = Release|Any CPU
	EndGlobalSection
	GlobalSection(SolutionProperties) = preSolution
		HideSolutionNode = FALSE
	EndGlobalSection
	GlobalSection(ExtensibilityGlobals) = postSolution
		SolutionGuid = {0858AB1B-671D-4B46-9633-711B5D4A5898}
	EndGlobalSection
EndGlobal
